
Microsoft Visual Studio Solution File, Format Version 12.00
# Visual Studio 14
VisualStudioVersion = 14.0.25123.0
MinimumVisualStudioVersion = 10.0.40219.1
Project("{FAE04EC0-301F-11D3-BF4B-00C04F79EFBC}") = "MyLib", "MyLib\MyLib.csproj", "{A427EBC5-8B15-458E-B70F-95B98FA7A0EE}"
EndProject
Project("{FAE04EC0-301F-11D3-BF4B-00C04F79EFBC}") = "HostConsole", "HostConsole\HostConsole.csproj", "{156A8D49-5DB1-4571-9668-A92C193E3E2A}"
EndProject
Project("{FAE04EC0-301F-11D3-BF4B-00C04F79EFBC}") = "ClientConsole", "ClientConsole\ClientConsole.csproj", "{5847A08D-601C-49D8-9BAC-733483A84C09}"
EndProject
Global
	GlobalSection(SolutionConfigurationPlatforms) = preSolution
		Debug|Any CPU = Debug|Any CPU
		Release|Any CPU = Release|Any CPU
	EndGlobalSection
	GlobalSection(ProjectConfigurationPlatforms) = postSolution
		{A427EBC5-8B15-458E-B70F-95B98FA7A0EE}.Debug|Any CPU.ActiveCfg = Debug|Any CPU
		{A427EBC5-8B15-458E-B70F-95B98FA7A0EE}.Debug|Any CPU.Build.0 = Debug|Any CPU
		{A427EBC5-8B15-458E-B70F-95B98FA7A0EE}.Release|Any CPU.ActiveCfg = Release|Any CPU
		{A427EBC5-8B15-458E-B70F-95B98FA7A0EE}.Release|Any CPU.Build.0 = Release|Any CPU
		{156A8D49-5DB1-4571-9668-A92C193E3E2A}.Debug|Any CPU.ActiveCfg = Debug|Any CPU
		{156A8D49-5DB1-4571-9668-A92C193E3E2A}.Debug|Any CPU.Build.0 = Debug|Any CPU
		{156A8D49-5DB1-4571-9668-A92C193E3E2A}.Release|Any CPU.ActiveCfg = Release|Any CPU
		{156A8D49-5DB1-4571-9668-A92C193E3E2A}.Release|Any CPU.Build.0 = Release|Any CPU
		{5847A08D-601C-49D8-9BAC-733483A84C09}.Debug|Any CPU.ActiveCfg = Debug|Any CPU
		{5847A08D-601C-49D8-9BAC-733483A84C09}.Debug|Any CPU.Build.0 = Debug|Any CPU
		{5847A08D-601C-49D8-9BAC-733483A84C09}.Release|Any CPU.ActiveCfg = Release|Any CPU
		{5847A08D-601C-49D8-9BAC-733483A84C09}.Release|Any CPU.Build.0 = Release|Any CPU
	EndGlobalSection
	GlobalSection(SolutionProperties) = preSolution
		HideSolutionNode = FALSE
	EndGlobalSection
	GlobalSection(ExtensibilityGlobals) = postSolution
		EnterpriseLibraryConfigurationToolBinariesPath = packages\Unity.2.1.505.0\lib\NET35
	EndGlobalSection
EndGlobal
